
Microsoft Visual Studio Solution File, Format Version 12.00
# Visual Studio 15
VisualStudioVersion = 15.0.26228.4
MinimumVisualStudioVersion = 10.0.40219.1
Project("{FAE04EC0-301F-11D3-BF4B-00C04F79EFBC}") = "DiscordPugBot", "DiscordPugBot\DiscordPugBot.csproj", "{3A7CF3AC-8594-4EED-AB48-77A3E2CF3311}"
EndProject
Project("{2150E333-8FDC-42A3-9474-1A3956D46DE8}") = "Solution Items", "Solution Items", "{2B6EA576-08EE-46FC-AF81-AD368A938806}"
EndProject
Global
	GlobalSection(SolutionConfigurationPlatforms) = preSolution
		Debug|Any CPU = Debug|Any CPU
		Release|Any CPU = Release|Any CPU
	EndGlobalSection
	GlobalSection(ProjectConfigurationPlatforms) = postSolution
		{3A7CF3AC-8594-4EED-AB48-77A3E2CF3311}.Debug|Any CPU.ActiveCfg = Debug|Any CPU
		{3A7CF3AC-8594-4EED-AB48-77A3E2CF3311}.Debug|Any CPU.Build.0 = Debug|Any CPU
		{3A7CF3AC-8594-4EED-AB48-77A3E2CF3311}.Release|Any CPU.ActiveCfg = Release|Any CPU
		{3A7CF3AC-8594-4EED-AB48-77A3E2CF3311}.Release|Any CPU.Build.0 = Release|Any CPU
	EndGlobalSection
	GlobalSection(SolutionProperties) = preSolution
		HideSolutionNode = FALSE
	EndGlobalSection
EndGlobal
